<Solution>
  <Project Path="BAR.SharedKernel/BAR.SharedKernel.csproj" />

  <Folder Name="/Registration/">
    <Project Path="BAR.Modules.Registration/BAR.Modules.Registration.csproj" />
    <Project Path="BAR.Modules.Registration.Contracts/BAR.Modules.Registration.Contracts.csproj" />
  </Folder>
  <Folder Name="/SellerManagement/">
    <Project Path="BAR.Modules.SellerManagement/BAR.Modules.SellerManagement.csproj" />
    <Project Path="BAR.Modules.SellerManagement.Contracts/BAR.Modules.SellerManagement.Contracts.csproj" />
  </Folder>
  <Folder Name="/MasterData/">
    <Project Path="BAR.Modules.MasterData/BAR.Modules.MasterData.csproj" />
    <Project Path="BAR.Modules.MasterData.Contracts/BAR.Modules.MasterData.Contracts.csproj" />
  </Folder>
  <Folder Name="/Operations/">
    <Project Path="BAR.Modules.Operations/BAR.Modules.Operations.csproj" />
    <Project Path="BAR.Modules.Operations.Contracts/BAR.Modules.Operations.Contracts.csproj" />
  </Folder>
  <Folder Name="/Export/">
    <Project Path="BAR.Modules.Export/BAR.Modules.Export.csproj" />
  </Folder>

  <Project Path="BAR.Host/BAR.Host.csproj" />

  <Folder Name="/tests/">
    <Project Path="tests/BAR.Domain.UnitTests/BAR.Domain.UnitTests.csproj" />
    <Project Path="tests/BAR.Application.UnitTests/BAR.Application.UnitTests.csproj" />
    <Project Path="tests/BAR.Host.IntegrationTests/BAR.Host.IntegrationTests.csproj" />
    <Project Path="tests/BAR.Architecture.Tests/BAR.Architecture.Tests.csproj" />
  </Folder>
</Solution>
